
Microsoft Visual Studio Solution File, Format Version 12.00
# Visual Studio 15
VisualStudioVersion = 15.0.28307.902
MinimumVisualStudioVersion = 10.0.40219.1
Project("{FAE04EC0-301F-11D3-BF4B-00C04F79EFBC}") = "Mvc5Example", "Mvc5Example\Mvc5Example.csproj", "{C9A9E249-B6D7-43BD-9757-4D56FFD90544}"
EndProject
Global
	GlobalSection(SolutionConfigurationPlatforms) = preSolution
		Debug|Any CPU = Debug|Any CPU
		Release|Any CPU = Release|Any CPU
	EndGlobalSection
	GlobalSection(ProjectConfigurationPlatforms) = postSolution
		{C9A9E249-B6D7-43BD-9757-4D56FFD90544}.Debug|Any CPU.ActiveCfg = Debug|Any CPU
		{C9A9E249-B6D7-43BD-9757-4D56FFD90544}.Debug|Any CPU.Build.0 = Debug|Any CPU
		{C9A9E249-B6D7-43BD-9757-4D56FFD90544}.Release|Any CPU.ActiveCfg = Release|Any CPU
		{C9A9E249-B6D7-43BD-9757-4D56FFD90544}.Release|Any CPU.Build.0 = Release|Any CPU
	EndGlobalSection
	GlobalSection(SolutionProperties) = preSolution
		HideSolutionNode = FALSE
	EndGlobalSection
	GlobalSection(ExtensibilityGlobals) = postSolution
		SolutionGuid = {06B00A5F-FA63-455C-92AF-1C879FBFB5CA}
	EndGlobalSection
EndGlobal
